Microsoft Visual Studio Solution File, Format Version 10.00
# Visual Studio 2008
Project("{FAE04EC0-301F-11D3-BF4B-00C04F79EFBC}") = "ContextMenuCustomizations_Ex", "ContextMenuCustomizations_Ex\ContextMenuCustomizations_Ex.csproj", "{5A184757-0467-44A1-81AF-C1525112E958}"
EndProject
Global
	GlobalSection(SolutionConfigurationPlatforms) = preSolution
		Debug|Any CPU = Debug|Any CPU
		Release|Any CPU = Release|Any CPU
	EndGlobalSection
	GlobalSection(ProjectConfigurationPlatforms) = postSolution
		{5A184757-0467-44A1-81AF-C1525112E958}.Debug|Any CPU.ActiveCfg = Debug|Any CPU
		{5A184757-0467-44A1-81AF-C1525112E958}.Debug|Any CPU.Build.0 = Debug|Any CPU
		{5A184757-0467-44A1-81AF-C1525112E958}.Release|Any CPU.ActiveCfg = Release|Any CPU
		{5A184757-0467-44A1-81AF-C1525112E958}.Release|Any CPU.Build.0 = Release|Any CPU
	EndGlobalSection
	GlobalSection(SolutionProperties) = preSolution
		HideSolutionNode = FALSE
	EndGlobalSection
EndGlobal
